// !$*UTF8*$!
{
	archiveVersion = 1;
	classes = {
	};
	objectVersion = 50;
	objects = {

/* Begin PBXBuildFile section */
		C2591D46218F3F93004DD216 /* AppDelegate.swift in Sources */ = {isa = PBXBuildFile; fileRef = C2591D45218F3F93004DD216 /* AppDelegate.swift */; };
		C2591D48218F3F93004DD216 /* LogInViewController.swift in Sources */ = {isa = PBXBuildFile; fileRef = C2591D47218F3F93004DD216 /* LogInViewController.swift */; };
		C2591D4D218F3F95004DD216 /* Assets.xcassets in Resources */ = {isa = PBXBuildFile; fileRef = C2591D4C218F3F95004DD216 /* Assets.xcassets */; };
		C2591D50218F3F95004DD216 /* LaunchScreen.storyboard in Resources */ = {isa = PBXBuildFile; fileRef = C2591D4E218F3F95004DD216 /* LaunchScreen.storyboard */; };
		C2B86DF02191D03F00442107 /* Constant.swift in Sources */ = {isa = PBXBuildFile; fileRef = C2B86DEF2191D03F00442107 /* Constant.swift */; };
		C2B86DF22191E51100442107 /* ScheduleVC.swift in Sources */ = {isa = PBXBuildFile; fileRef = C2B86DF12191E51100442107 /* ScheduleVC.swift */; };
		C2B86DF42191FCF200442107 /* Networking.swift in Sources */ = {isa = PBXBuildFile; fileRef = C2B86DF32191FCF200442107 /* Networking.swift */; };
		C2B86DFA21931CCD00442107 /* EljurApi.swift in Sources */ = {isa = PBXBuildFile; fileRef = C2B86DF921931CCD00442107 /* EljurApi.swift */; };
		C2B86DFC2193330000442107 /* Subject.swift in Sources */ = {isa = PBXBuildFile; fileRef = C2B86DFB2193330000442107 /* Subject.swift */; };
		C2B86DFE2193331300442107 /* User.swift in Sources */ = {isa = PBXBuildFile; fileRef = C2B86DFD2193331300442107 /* User.swift */; };
		C2F4898E219C7DC900C72361 /* JSON.swift in Sources */ = {isa = PBXBuildFile; fileRef = C2F4898D219C7DC900C72361 /* JSON.swift */; };
		C2F7C09621A02FD100CB1C8B /* SubjectCell.swift in Sources */ = {isa = PBXBuildFile; fileRef = C2F7C09521A02FD100CB1C8B /* SubjectCell.swift */; };
		C2F7C09821A087AC00CB1C8B /* CustomLabel.swift in Sources */ = {isa = PBXBuildFile; fileRef = C2F7C09721A087AC00CB1C8B /* CustomLabel.swift */; };
		C2F7C09A21A09B0600CB1C8B /* RootTabBarController.swift in Sources */ = {isa = PBXBuildFile; fileRef = C2F7C09921A09B0600CB1C8B /* RootTabBarController.swift */; };
		C2F7C09C21A0A01100CB1C8B /* DiaryVC.swift in Sources */ = {isa = PBXBuildFile; fileRef = C2F7C09B21A0A01100CB1C8B /* DiaryVC.swift */; };
		C2F7C09E21A0A02700CB1C8B /* GradesVC.swift in Sources */ = {isa = PBXBuildFile; fileRef = C2F7C09D21A0A02700CB1C8B /* GradesVC.swift */; };
		C2F7C0A021A0A2C100CB1C8B /* CustomViewController.swift in Sources */ = {isa = PBXBuildFile; fileRef = C2F7C09F21A0A2C100CB1C8B /* CustomViewController.swift */; };
/* End PBXBuildFile section */

/* Begin PBXFileReference section */
		C2591D42218F3F93004DD216 /* diary.app */ = {isa = PBXFileReference; explicitFileType = wrapper.application; includeInIndex = 0; path = diary.app; sourceTree = BUILT_PRODUCTS_DIR; };
		C2591D45218F3F93004DD216 /* AppDelegate.swift */ = {isa = PBXFileReference; lastKnownFileType = sourcecode.swift; path = AppDelegate.swift; sourceTree = "<group>"; };
		C2591D47218F3F93004DD216 /* LogInViewController.swift */ = {isa = PBXFileReference; lastKnownFileType = sourcecode.swift; path = LogInViewController.swift; sourceTree = "<group>"; };
		C2591D4C218F3F95004DD216 /* Assets.xcassets */ = {isa = PBXFileReference; lastKnownFileType = folder.assetcatalog; path = Assets.xcassets; sourceTree = "<group>"; };
		C2591D4F218F3F95004DD216 /* Base */ = {isa = PBXFileReference; lastKnownFileType = file.storyboard; name = Base; path = Base.lproj/LaunchScreen.storyboard; sourceTree = "<group>"; };
		C2591D51218F3F95004DD216 /* Info.plist */ = {isa = PBXFileReference; lastKnownFileType = text.plist.xml; path = Info.plist; sourceTree = "<group>"; };
		C2B86DEF2191D03F00442107 /* Constant.swift */ = {isa = PBXFileReference; lastKnownFileType = sourcecode.swift; path = Constant.swift; sourceTree = "<group>"; };
		C2B86DF12191E51100442107 /* ScheduleVC.swift */ = {isa = PBXFileReference; lastKnownFileType = sourcecode.swift; path = ScheduleVC.swift; sourceTree = "<group>"; };
		C2B86DF32191FCF200442107 /* Networking.swift */ = {isa = PBXFileReference; lastKnownFileType = sourcecode.swift; path = Networking.swift; sourceTree = "<group>"; };
		C2B86DF921931CCD00442107 /* EljurApi.swift */ = {isa = PBXFileReference; lastKnownFileType = sourcecode.swift; path = EljurApi.swift; sourceTree = "<group>"; };
		C2B86DFB2193330000442107 /* Subject.swift */ = {isa = PBXFileReference; lastKnownFileType = sourcecode.swift; path = Subject.swift; sourceTree = "<group>"; };
		C2B86DFD2193331300442107 /* User.swift */ = {isa = PBXFileReference; lastKnownFileType = sourcecode.swift; path = User.swift; sourceTree = "<group>"; };
		C2F4898D219C7DC900C72361 /* JSON.swift */ = {isa = PBXFileReference; lastKnownFileType = sourcecode.swift; path = JSON.swift; sourceTree = "<group>"; };
		C2F7C09521A02FD100CB1C8B /* SubjectCell.swift */ = {isa = PBXFileReference; lastKnownFileType = sourcecode.swift; path = SubjectCell.swift; sourceTree = "<group>"; };
		C2F7C09721A087AC00CB1C8B /* CustomLabel.swift */ = {isa = PBXFileReference; lastKnownFileType = sourcecode.swift; path = CustomLabel.swift; sourceTree = "<group>"; };
		C2F7C09921A09B0600CB1C8B /* RootTabBarController.swift */ = {isa = PBXFileReference; lastKnownFileType = sourcecode.swift; path = RootTabBarController.swift; sourceTree = "<group>"; };
		C2F7C09B21A0A01100CB1C8B /* DiaryVC.swift */ = {isa = PBXFileReference; lastKnownFileType = sourcecode.swift; path = DiaryVC.swift; sourceTree = "<group>"; };
		C2F7C09D21A0A02700CB1C8B /* GradesVC.swift */ = {isa = PBXFileReference; lastKnownFileType = sourcecode.swift; path = GradesVC.swift; sourceTree = "<group>"; };
		C2F7C09F21A0A2C100CB1C8B /* CustomViewController.swift */ = {isa = PBXFileReference; lastKnownFileType = sourcecode.swift; path = CustomViewController.swift; sourceTree = "<group>"; };
/* End PBXFileReference section */

/* Begin PBXFrameworksBuildPhase section */
		C2591D3F218F3F93004DD216 /* Frameworks */ = {
			isa = PBXFrameworksBuildPhase;
			buildActionMask = 2147483647;
			files = (
			);
			runOnlyForDeploymentPostprocessing = 0;
		};
/* End PBXFrameworksBuildPhase section */

/* Begin PBXGroup section */
		C2591D39218F3F93004DD216 = {
			isa = PBXGroup;
			children = (
				C2591D44218F3F93004DD216 /* diary */,
				C2591D43218F3F93004DD216 /* Products */,
			);
			sourceTree = "<group>";
		};
		C2591D43218F3F93004DD216 /* Products */ = {
			isa = PBXGroup;
			children = (
				C2591D42218F3F93004DD216 /* diary.app */,
			);
			name = Products;
			sourceTree = "<group>";
		};
		C2591D44218F3F93004DD216 /* diary */ = {
			isa = PBXGroup;
			children = (
				C2B86DF821931C2D00442107 /* Assistant */,
				C2B86DF721931C0F00442107 /* Model */,
				C2B86DF621931C0900442107 /* View */,
				C2B86DF521931BF200442107 /* Controller */,
				C2591D45218F3F93004DD216 /* AppDelegate.swift */,
				C2591D4C218F3F95004DD216 /* Assets.xcassets */,
				C2591D4E218F3F95004DD216 /* LaunchScreen.storyboard */,
				C2591D51218F3F95004DD216 /* Info.plist */,
			);
			path = diary;
			sourceTree = "<group>";
		};
		C2B86DF521931BF200442107 /* Controller */ = {
			isa = PBXGroup;
			children = (
				C2591D47218F3F93004DD216 /* LogInViewController.swift */,
				C2F7C09921A09B0600CB1C8B /* RootTabBarController.swift */,
				C2B86DF12191E51100442107 /* ScheduleVC.swift */,
				C2F7C09B21A0A01100CB1C8B /* DiaryVC.swift */,
				C2F7C09D21A0A02700CB1C8B /* GradesVC.swift */,
			);
			path = Controller;
			sourceTree = "<group>";
		};
		C2B86DF621931C0900442107 /* View */ = {
			isa = PBXGroup;
			children = (
				C2F7C09721A087AC00CB1C8B /* CustomLabel.swift */,
				C2F7C09F21A0A2C100CB1C8B /* CustomViewController.swift */,
				C2F7C09521A02FD100CB1C8B /* SubjectCell.swift */,
			);
			path = View;
			sourceTree = "<group>";
		};
		C2B86DF721931C0F00442107 /* Model */ = {
			isa = PBXGroup;
			children = (
				C2F4898D219C7DC900C72361 /* JSON.swift */,
				C2B86DF32191FCF200442107 /* Networking.swift */,
				C2B86DF921931CCD00442107 /* EljurApi.swift */,
				C2B86DFB2193330000442107 /* Subject.swift */,
				C2B86DFD2193331300442107 /* User.swift */,
			);
			path = Model;
			sourceTree = "<group>";
		};
		C2B86DF821931C2D00442107 /* Assistant */ = {
			isa = PBXGroup;
			children = (
				C2B86DEF2191D03F00442107 /* Constant.swift */,
			);
			path = Assistant;
			sourceTree = "<group>";
		};
/* End PBXGroup section */

/* Begin PBXNativeTarget section */
		C2591D41218F3F93004DD216 /* diary */ = {
			isa = PBXNativeTarget;
			buildConfigurationList = C2591D54218F3F95004DD216 /* Build configuration list for PBXNativeTarget "diary" */;
			buildPhases = (
				C2591D3E218F3F93004DD216 /* Sources */,
				C2591D3F218F3F93004DD216 /* Frameworks */,
				C2591D40218F3F93004DD216 /* Resources */,
			);
			buildRules = (
			);
			dependencies = (
			);
			name = diary;
			productName = diary;
			productReference = C2591D42218F3F93004DD216 /* diary.app */;
			productType = "com.apple.product-type.application";
		};
/* End PBXNativeTarget section */

/* Begin PBXProject section */
		C2591D3A218F3F93004DD216 /* Project object */ = {
			isa = PBXProject;
			attributes = {
				LastSwiftUpdateCheck = 1000;
				LastUpgradeCheck = 1000;
				ORGANIZATIONNAME = "Арман";
				TargetAttributes = {
					C2591D41218F3F93004DD216 = {
						CreatedOnToolsVersion = 10.0;
					};
				};
			};
			buildConfigurationList = C2591D3D218F3F93004DD216 /* Build configuration list for PBXProject "diary" */;
			compatibilityVersion = "Xcode 9.3";
			developmentRegion = en;
			hasScannedForEncodings = 0;
			knownRegions = (
				en,
				Base,
			);
			mainGroup = C2591D39218F3F93004DD216;
			productRefGroup = C2591D43218F3F93004DD216 /* Products */;
			projectDirPath = "";
			projectRoot = "";
			targets = (
				C2591D41218F3F93004DD216 /* diary */,
			);
		};
/* End PBXProject section */

/* Begin PBXResourcesBuildPhase section */
		C2591D40218F3F93004DD216 /* Resources */ = {
			isa = PBXResourcesBuildPhase;
			buildActionMask = 2147483647;
			files = (
				C2591D50218F3F95004DD216 /* LaunchScreen.storyboard in Resources */,
				C2591D4D218F3F95004DD216 /* Assets.xcassets in Resources */,
			);
			runOnlyForDeploymentPostprocessing = 0;
		};
/* End PBXResourcesBuildPhase section */

/* Begin PBXSourcesBuildPhase section */
		C2591D3E218F3F93004DD216 /* Sources */ = {
			isa = PBXSourcesBuildPhase;
			buildActionMask = 2147483647;
			files = (
				C2591D48218F3F93004DD216 /* LogInViewController.swift in Sources */,
				C2F7C09C21A0A01100CB1C8B /* DiaryVC.swift in Sources */,
				C2F7C09A21A09B0600CB1C8B /* RootTabBarController.swift in Sources */,
				C2B86DF42191FCF200442107 /* Networking.swift in Sources */,
				C2F7C09821A087AC00CB1C8B /* CustomLabel.swift in Sources */,
				C2B86DFC2193330000442107 /* Subject.swift in Sources */,
				C2F4898E219C7DC900C72361 /* JSON.swift in Sources */,
				C2F7C09621A02FD100CB1C8B /* SubjectCell.swift in Sources */,
				C2F7C09E21A0A02700CB1C8B /* GradesVC.swift in Sources */,
				C2591D46218F3F93004DD216 /* AppDelegate.swift in Sources */,
				C2B86DFE2193331300442107 /* User.swift in Sources */,
				C2B86DF22191E51100442107 /* ScheduleVC.swift in Sources */,
				C2F7C0A021A0A2C100CB1C8B /* CustomViewController.swift in Sources */,
				C2B86DF02191D03F00442107 /* Constant.swift in Sources */,
				C2B86DFA21931CCD00442107 /* EljurApi.swift in Sources */,
			);
			runOnlyForDeploymentPostprocessing = 0;
		};
/* End PBXSourcesBuildPhase section */

/* Begin PBXVariantGroup section */
		C2591D4E218F3F95004DD216 /* LaunchScreen.storyboard */ = {
			isa = PBXVariantGroup;
			children = (
				C2591D4F218F3F95004DD216 /* Base */,
			);
			name = LaunchScreen.storyboard;
			sourceTree = "<group>";
		};
/* End PBXVariantGroup section */

/* Begin XCBuildConfiguration section */
		C2591D52218F3F95004DD216 /* Debug */ = {
			isa = XCBuildConfiguration;
			buildSettings = {
				ALWAYS_SEARCH_USER_PATHS = NO;
				CLANG_ANALYZER_NONNULL = YES;
				CLANG_ANALYZER_NUMBER_OBJECT_CONVERSION = YES_AGGRESSIVE;
				CLANG_CXX_LANGUAGE_STANDARD = "gnu++14";
				CLANG_CXX_LIBRARY = "libc++";
				CLANG_ENABLE_MODULES = YES;
				CLANG_ENABLE_OBJC_ARC = YES;
				CLANG_ENABLE_OBJC_WEAK = YES;
				CLANG_WARN_BLOCK_CAPTURE_AUTORELEASING = YES;
				CLANG_WARN_BOOL_CONVERSION = YES;
				CLANG_WARN_COMMA = YES;
				CLANG_WARN_CONSTANT_CONVERSION = YES;
				CLANG_WARN_DEPRECATED_OBJC_IMPLEMENTATIONS = YES;
				CLANG_WARN_DIRECT_OBJC_ISA_USAGE = YES_ERROR;
				CLANG_WARN_DOCUMENTATION_COMMENTS = YES;
				CLANG_WARN_EMPTY_BODY = YES;
				CLANG_WARN_ENUM_CONVERSION = YES;
				CLANG_WARN_INFINITE_RECURSION = YES;
				CLANG_WARN_INT_CONVERSION = YES;
				CLANG_WARN_NON_LITERAL_NULL_CONVERSION = YES;
				CLANG_WARN_OBJC_IMPLICIT_RETAIN_SELF = YES;
				CLANG_WARN_OBJC_LITERAL_CONVERSION = YES;
				CLANG_WARN_OBJC_ROOT_CLASS = YES_ERROR;
				CLANG_WARN_RANGE_LOOP_ANALYSIS = YES;
				CLANG_WARN_STRICT_PROTOTYPES = YES;
				CLANG_WARN_SUSPICIOUS_MOVE = YES;
				CLANG_WARN_UNGUARDED_AVAILABILITY = YES_AGGRESSIVE;
				CLANG_WARN_UNREACHABLE_CODE = YES;
				CLANG_WARN__DUPLICATE_METHOD_MATCH = YES;
				CODE_SIGN_IDENTITY = "iPhone Developer";
				COPY_PHASE_STRIP = NO;
				DEBUG_INFORMATION_FORMAT = dwarf;
				ENABLE_STRICT_OBJC_MSGSEND = YES;
				ENABLE_TESTABILITY = YES;
				GCC_C_LANGUAGE_STANDARD = gnu11;
				GCC_DYNAMIC_NO_PIC = NO;
				GCC_NO_COMMON_BLOCKS = YES;
				GCC_OPTIMIZATION_LEVEL = 0;
				GCC_PREPROCESSOR_DEFINITIONS = (
					"DEBUG=1",
					"$(inherited)",
				);
				GCC_WARN_64_TO_32_BIT_CONVERSION = YES;
				GCC_WARN_ABOUT_RETURN_TYPE = YES_ERROR;
				GCC_WARN_UNDECLARED_SELECTOR = YES;
				GCC_WARN_UNINITIALIZED_AUTOS = YES_AGGRESSIVE;
				GCC_WARN_UNUSED_FUNCTION = YES;
				GCC_WARN_UNUSED_VARIABLE = YES;
				IPHONEOS_DEPLOYMENT_TARGET = 12.0;
				MTL_ENABLE_DEBUG_INFO = INCLUDE_SOURCE;
				MTL_FAST_MATH = YES;
				ONLY_ACTIVE_ARCH = YES;
				SDKROOT = iphoneos;
				SWIFT_ACTIVE_COMPILATION_CONDITIONS = DEBUG;
				SWIFT_OPTIMIZATION_LEVEL = "-Onone";
			};
			name = Debug;
		};
		C2591D53218F3F95004DD216 /* Release */ = {
			isa = XCBuildConfiguration;
			buildSettings = {
				ALWAYS_SEARCH_USER_PATHS = NO;
				CLANG_ANALYZER_NONNULL = YES;
				CLANG_ANALYZER_NUMBER_OBJECT_CONVERSION = YES_AGGRESSIVE;
				CLANG_CXX_LANGUAGE_STANDARD = "gnu++14";
				CLANG_CXX_LIBRARY = "libc++";
				CLANG_ENABLE_MODULES = YES;
				CLANG_ENABLE_OBJC_ARC = YES;
				CLANG_ENABLE_OBJC_WEAK = YES;
				CLANG_WARN_BLOCK_CAPTURE_AUTORELEASING = YES;
				CLANG_WARN_BOOL_CONVERSION = YES;
				CLANG_WARN_COMMA = YES;
				CLANG_WARN_CONSTANT_CONVERSION = YES;
				CLANG_WARN_DEPRECATED_OBJC_IMPLEMENTATIONS = YES;
				CLANG_WARN_DIRECT_OBJC_ISA_USAGE = YES_ERROR;
				CLANG_WARN_DOCUMENTATION_COMMENTS = YES;
				CLANG_WARN_EMPTY_BODY = YES;
				CLANG_WARN_ENUM_CONVERSION = YES;
				CLANG_WARN_INFINITE_RECURSION = YES;
				CLANG_WARN_INT_CONVERSION = YES;
				CLANG_WARN_NON_LITERAL_NULL_CONVERSION = YES;
				CLANG_WARN_OBJC_IMPLICIT_RETAIN_SELF = YES;
				CLANG_WARN_OBJC_LITERAL_CONVERSION = YES;
				CLANG_WARN_OBJC_ROOT_CLASS = YES_ERROR;
				CLANG_WARN_RANGE_LOOP_ANALYSIS = YES;
				CLANG_WARN_STRICT_PROTOTYPES = YES;
				CLANG_WARN_SUSPICIOUS_MOVE = YES;
				CLANG_WARN_UNGUARDED_AVAILABILITY = YES_AGGRESSIVE;
				CLANG_WARN_UNREACHABLE_CODE = YES;
				CLANG_WARN__DUPLICATE_METHOD_MATCH = YES;
				CODE_SIGN_IDENTITY = "iPhone Developer";
				COPY_PHASE_STRIP = NO;
				DEBUG_INFORMATION_FORMAT = "dwarf-with-dsym";
				ENABLE_NS_ASSERTIONS = NO;
				ENABLE_STRICT_OBJC_MSGSEND = YES;
				GCC_C_LANGUAGE_STANDARD = gnu11;
				GCC_NO_COMMON_BLOCKS = YES;
				GCC_WARN_64_TO_32_BIT_CONVERSION = YES;
				GCC_WARN_ABOUT_RETURN_TYPE = YES_ERROR;
				GCC_WARN_UNDECLARED_SELECTOR = YES;
				GCC_WARN_UNINITIALIZED_AUTOS = YES_AGGRESSIVE;
				GCC_WARN_UNUSED_FUNCTION = YES;
				GCC_WARN_UNUSED_VARIABLE = YES;
				IPHONEOS_DEPLOYMENT_TARGET = 12.0;
				MTL_ENABLE_DEBUG_INFO = NO;
				MTL_FAST_MATH = YES;
				SDKROOT = iphoneos;
				SWIFT_COMPILATION_MODE = wholemodule;
				SWIFT_OPTIMIZATION_LEVEL = "-O";
				VALIDATE_PRODUCT = YES;
			};
			name = Release;
		};
		C2591D55218F3F95004DD216 /* Debug */ = {
			isa = XCBuildConfiguration;
			buildSettings = {
				ASSETCATALOG_COMPILER_APPICON_NAME = AppIcon;
				CODE_SIGN_STYLE = Automatic;
				DEVELOPMENT_TEAM = L2FJJ3BHAZ;
				INFOPLIST_FILE = diary/Info.plist;
				LD_RUNPATH_SEARCH_PATHS = (
					"$(inherited)",
					"@executable_path/Frameworks",
				);
				PRODUCT_BUNDLE_IDENTIFIER = SUPERCORP.diary;
				PRODUCT_NAME = "$(TARGET_NAME)";
				SWIFT_VERSION = 4.2;
				TARGETED_DEVICE_FAMILY = "1,2";
			};
			name = Debug;
		};
		C2591D56218F3F95004DD216 /* Release */ = {
			isa = XCBuildConfiguration;
			buildSettings = {
				ASSETCATALOG_COMPILER_APPICON_NAME = AppIcon;
				CODE_SIGN_STYLE = Automatic;
				DEVELOPMENT_TEAM = L2FJJ3BHAZ;
				INFOPLIST_FILE = diary/Info.plist;
				LD_RUNPATH_SEARCH_PATHS = (
					"$(inherited)",
					"@executable_path/Frameworks",
				);
				PRODUCT_BUNDLE_IDENTIFIER = SUPERCORP.diary;
				PRODUCT_NAME = "$(TARGET_NAME)";
				SWIFT_VERSION = 4.2;
				TARGETED_DEVICE_FAMILY = "1,2";
			};
			name = Release;
		};
/* End XCBuildConfiguration section */

/* Begin XCConfigurationList section */
		C2591D3D218F3F93004DD216 /* Build configuration list for PBXProject "diary" */ = {
			isa = XCConfigurationList;
			buildConfigurations = (
				C2591D52218F3F95004DD216 /* Debug */,
				C2591D53218F3F95004DD216 /* Release */,
			);
			defaultConfigurationIsVisible = 0;
			defaultConfigurationName = Release;
		};
		C2591D54218F3F95004DD216 /* Build configuration list for PBXNativeTarget "diary" */ = {
			isa = XCConfigurationList;
			buildConfigurations = (
				C2591D55218F3F95004DD216 /* Debug */,
				C2591D56218F3F95004DD216 /* Release */,
			);
			defaultConfigurationIsVisible = 0;
			defaultConfigurationName = Release;
		};
/* End XCConfigurationList section */
	};
	rootObject = C2591D3A218F3F93004DD216 /* Project object */;
}
